{
  "requires": true,
  "lockfileVersion": 1,
  "dependencies": {
    "leaflet-draw": {
      "version": "0.4.13",
      "resolved": "https://registry.npmjs.org/leaflet-draw/-/leaflet-draw-0.4.13.tgz",
      "integrity": "sha512-N/RFhS08viXfJJsGSuM2ZEWcez0F70iWHoHawMWhZ7GDjHyhyId+RLjbb7TxwK/aAbsf7tqz0IP6f1hr0Z1wpw=="
    }
  }
}
